<?xml version="1.0" encoding="utf-8"?>
<Project ToolsVersion="4.0" xmlns="http://schemas.microsoft.com/developer/msbuild/2003">
  <ItemGroup>
    <Filter Include="Source Files">
      <UniqueIdentifier>{4FC737F1-C7A5-4376-A066-2A32D752A2FF}</UniqueIdentifier>
      <Extensions>cpp;c;cc;cxx;def;odl;idl;hpj;bat;asm;asmx</Extensions>
    </Filter>
    <Filter Include="Header Files">
      <UniqueIdentifier>{93995380-89BD-4b04-88EB-625FBE52EBFB}</UniqueIdentifier>
      <Extensions>h;hh;hpp;hxx;hm;inl;inc;ipp;xsd</Extensions>
    </Filter>
    <Filter Include="Resource Files">
      <UniqueIdentifier>{67DA6AB6-F800-4c08-8B7A-83BB121AAD01}</UniqueIdentifier>
      <Extensions>rc;ico;cur;bmp;dlg;rc2;rct;bin;rgs;gif;jpg;jpeg;jpe;resx;tiff;tif;png;wav;mfcribbon-ms</Extensions>
    </Filter>
  </ItemGroup>
  <ItemGroup>
    <ClCompile Include="main.cpp">
      <Filter>Source Files</Filter>
    </ClCompile>
    <ClCompile Include="SignUpMembershipUI.cpp">
      <Filter>Source Files</Filter>
    </ClCompile>
    <ClCompile Include="Info.cpp">
      <Filter>Source Files</Filter>
    </ClCompile>
    <ClCompile Include="SignUpMembership.cpp">
      <Filter>Source Files</Filter>
    </ClCompile>
    <ClCompile Include="Seller.cpp">
      <Filter>Source Files</Filter>
    </ClCompile>
    <ClCompile Include="Ticket.cpp">
      <Filter>Source Files</Filter>
    </ClCompile>
    <ClCompile Include="UserCollection.cpp">
      <Filter>Source Files</Filter>
    </ClCompile>
    <ClCompile Include="Buyer.cpp">
      <Filter>Source Files</Filter>
    </ClCompile>
    <ClCompile Include="WithdrawUI.cpp">
      <Filter>Source Files</Filter>
    </ClCompile>
    <ClCompile Include="Withdraw.cpp">
      <Filter>Source Files</Filter>
    </ClCompile>
    <ClCompile Include="SignIn.cpp">
      <Filter>Source Files</Filter>
    </ClCompile>
    <ClCompile Include="SignInUI.cpp">
      <Filter>Source Files</Filter>
    </ClCompile>
    <ClCompile Include="SignOutUI.cpp">
      <Filter>Source Files</Filter>
    </ClCompile>
    <ClCompile Include="SignOut.cpp">
      <Filter>Source Files</Filter>
    </ClCompile>
    <ClCompile Include="RegisterTicketUI.cpp">
      <Filter>Source Files</Filter>
    </ClCompile>
    <ClCompile Include="RegisterTicketManager.cpp">
      <Filter>Source Files</Filter>
    </ClCompile>
    <ClCompile Include="SearchRegisteredTicketUI.cpp">
      <Filter>Source Files</Filter>
    </ClCompile>
    <ClCompile Include="SearchRegisteredTicket.cpp">
      <Filter>Source Files</Filter>
    </ClCompile>
    <ClCompile Include="SearchReservableTicketUI.cpp">
      <Filter>Source Files</Filter>
    </ClCompile>
    <ClCompile Include="SearchReservableTicketManager.cpp">
      <Filter>Source Files</Filter>
    </ClCompile>
    <ClCompile Include="SearchTicketsInAuctionUI.cpp">
      <Filter>Source Files</Filter>
    </ClCompile>
    <ClCompile Include="SearchTicketsInAuction.cpp">
      <Filter>Source Files</Filter>
    </ClCompile>
    <ClCompile Include="Timer.cpp">
      <Filter>Source Files</Filter>
    </ClCompile>
    <ClCompile Include="BookedTicketManagerUI.cpp">
      <Filter>Source Files</Filter>
    </ClCompile>
    <ClCompile Include="BookedTicketManager.cpp">
      <Filter>Source Files</Filter>
    </ClCompile>
  </ItemGroup>
  <ItemGroup>
    <ClInclude Include="SignUpMembershipUI.h">
      <Filter>Header Files</Filter>
    </ClInclude>
    <ClInclude Include="Info.h">
      <Filter>Header Files</Filter>
    </ClInclude>
    <ClInclude Include="SignUpMembership.h">
      <Filter>Header Files</Filter>
    </ClInclude>
    <ClInclude Include="Seller.h">
      <Filter>Header Files</Filter>
    </ClInclude>
    <ClInclude Include="Ticket.h">
      <Filter>Header Files</Filter>
    </ClInclude>
    <ClInclude Include="UserCollection.h">
      <Filter>Header Files</Filter>
    </ClInclude>
    <ClInclude Include="Buyer.h">
      <Filter>Header Files</Filter>
    </ClInclude>
    <ClInclude Include="WithdrawUI.h">
      <Filter>Header Files</Filter>
    </ClInclude>
    <ClInclude Include="Withdraw.h">
      <Filter>Header Files</Filter>
    </ClInclude>
    <ClInclude Include="SignIn.h">
      <Filter>Header Files</Filter>
    </ClInclude>
    <ClInclude Include="SignInUI.h">
      <Filter>Header Files</Filter>
    </ClInclude>
    <ClInclude Include="SignOutUI.h">
      <Filter>Header Files</Filter>
    </ClInclude>
    <ClInclude Include="SignOut.h">
      <Filter>Header Files</Filter>
    </ClInclude>
    <ClInclude Include="RegisterTicketUI.h">
      <Filter>Header Files</Filter>
    </ClInclude>
    <ClInclude Include="RegisterTicketManager.h">
      <Filter>Header Files</Filter>
    </ClInclude>
    <ClInclude Include="SearchRegisteredTicketUI.h">
      <Filter>Header Files</Filter>
    </ClInclude>
    <ClInclude Include="SearchRegisteredTicket.h">
      <Filter>Header Files</Filter>
    </ClInclude>
    <ClInclude Include="SearchReservableTicketUI.h">
      <Filter>Header Files</Filter>
    </ClInclude>
    <ClInclude Include="SearchTicketsInAuctionUI.h">
      <Filter>Header Files</Filter>
    </ClInclude>
    <ClInclude Include="SearchTicketsInAuction.h">
      <Filter>Header Files</Filter>
    </ClInclude>
    <ClInclude Include="Timer.h">
      <Filter>Header Files</Filter>
    </ClInclude>
    <ClInclude Include="BookedTicketManagerUI.h">
      <Filter>Header Files</Filter>
    </ClInclude>
    <ClInclude Include="BookedTicketManager.h">
      <Filter>Header Files</Filter>
    </ClInclude>
    <ClInclude Include="SearchReservableTicketManager.h">
      <Filter>Header Files</Filter>
    </ClInclude>
  </ItemGroup>
</Project>